{
  "name": "crypto_compare_api",
  "version": "1.0.0",
  "lockfileVersion": 2,
  "requires": true,
  "packages": {
    "": {
      "version": "1.0.0",
      "license": "ISC",
      "dependencies": {
        "@nestjs/config": "^0.6.3",
        "@types/axios": "^0.14.0",
        "axios": "^0.21.1",
        "class-transformer": "^0.4.0",
        "class-validator": "^0.13.1"
      }
    },
    "node_modules/@nestjs/common": {
      "version": "7.6.17",
      "resolved": "https://registry.npmjs.org/@nestjs/common/-/common-7.6.17.tgz",
      "integrity": "sha512-RHvD32FxfV7yDWX9GPmn0ZSv7ka5kLeVamU5ZpoXSTUjkGqWFt3MTyIP+HUQD2778kDqT+CgEtVJ1fxDG5Oh9g==",
      "peer": true,
      "dependencies": {
        "axios": "0.21.1",
        "iterare": "1.2.1",
        "tslib": "2.2.0",
        "uuid": "8.3.2"
      },
      "funding": {
        "type": "opencollective",
        "url": "https://opencollective.com/nest"
      },
      "peerDependencies": {
        "cache-manager": "*",
        "class-transformer": "*",
        "class-validator": "*",
        "reflect-metadata": "^0.1.12",
        "rxjs": "^6.0.0"
      },
      "peerDependenciesMeta": {
        "cache-manager": {
          "optional": true
        },
        "class-transformer": {
          "optional": true
        },
        "class-validator": {
          "optional": true
        }
      }
    },
    "node_modules/@nestjs/config": {
      "version": "0.6.3",
      "resolved": "https://registry.npmjs.org/@nestjs/config/-/config-0.6.3.tgz",
      "integrity": "sha512-JxvvUpmH0/WOrTB+zh8dEkxSUQXhB7V3d/qeQXyCnMiEFjaq89+fNFztpWjz4DlOfdS4/eYTzIEy9PH2uGnfzA==",
      "dependencies": {
        "dotenv": "8.2.0",
        "dotenv-expand": "5.1.0",
        "lodash.get": "4.4.2",
        "lodash.has": "4.5.2",
        "lodash.set": "4.3.2",
        "uuid": "8.3.2"
      },
      "peerDependencies": {
        "@nestjs/common": "^6.10.0 || ^7.0.0",
        "reflect-metadata": "^0.1.12",
        "rxjs": "^6.0.0"
      }
    },
    "node_modules/@types/axios": {
      "version": "0.14.0",
      "resolved": "https://registry.npmjs.org/@types/axios/-/axios-0.14.0.tgz",
      "integrity": "sha1-7CMA++fX3d1+udOr+HmZlkyvzkY=",
      "deprecated": "This is a stub types definition for axios (https://github.com/mzabriskie/axios). axios provides its own type definitions, so you don't need @types/axios installed!",
      "dependencies": {
        "axios": "*"
      }
    },
    "node_modules/@types/validator": {
      "version": "13.1.3",
      "resolved": "https://registry.npmjs.org/@types/validator/-/validator-13.1.3.tgz",
      "integrity": "sha512-DaOWN1zf7j+8nHhqXhIgNmS+ltAC53NXqGxYuBhWqWgqolRhddKzfZU814lkHQSTG0IUfQxU7Cg0gb8fFWo2mA=="
    },
    "node_modules/axios": {
      "version": "0.21.1",
      "resolved": "https://registry.npmjs.org/axios/-/axios-0.21.1.tgz",
      "integrity": "sha512-dKQiRHxGD9PPRIUNIWvZhPTPpl1rf/OxTYKsqKUDjBwYylTvV7SjSHJb9ratfyzM6wCdLCOYLzs73qpg5c4iGA==",
      "dependencies": {
        "follow-redirects": "^1.10.0"
      }
    },
    "node_modules/class-transformer": {
      "version": "0.4.0",
      "resolved": "https://registry.npmjs.org/class-transformer/-/class-transformer-0.4.0.tgz",
      "integrity": "sha512-ETWD/H2TbWbKEi7m9N4Km5+cw1hNcqJSxlSYhsLsNjQzWWiZIYA1zafxpK9PwVfaZ6AqR5rrjPVUBGESm5tQUA=="
    },
    "node_modules/class-validator": {
      "version": "0.13.1",
      "resolved": "https://registry.npmjs.org/class-validator/-/class-validator-0.13.1.tgz",
      "integrity": "sha512-zWIeYFhUitvAHBwNhDdCRK09hWx+P0HUwFE8US8/CxFpMVzkUK8RJl7yOIE+BVu2lxyPNgeOaFv78tLE47jBIg==",
      "dependencies": {
        "@types/validator": "^13.1.3",
        "libphonenumber-js": "^1.9.7",
        "validator": "^13.5.2"
      }
    },
    "node_modules/dotenv": {
      "version": "8.2.0",
      "resolved": "https://registry.npmjs.org/dotenv/-/dotenv-8.2.0.tgz",
      "integrity": "sha512-8sJ78ElpbDJBHNeBzUbUVLsqKdccaa/BXF1uPTw3GrvQTBgrQrtObr2mUrE38vzYd8cEv+m/JBfDLioYcfXoaw==",
      "engines": {
        "node": ">=8"
      }
    },
    "node_modules/dotenv-expand": {
      "version": "5.1.0",
      "resolved": "https://registry.npmjs.org/dotenv-expand/-/dotenv-expand-5.1.0.tgz",
      "integrity": "sha512-YXQl1DSa4/PQyRfgrv6aoNjhasp/p4qs9FjJ4q4cQk+8m4r6k4ZSiEyytKG8f8W9gi8WsQtIObNmKd+tMzNTmA=="
    },
    "node_modules/follow-redirects": {
      "version": "1.14.1",
      "resolved": "https://registry.npmjs.org/follow-redirects/-/follow-redirects-1.14.1.tgz",
      "integrity": "sha512-HWqDgT7ZEkqRzBvc2s64vSZ/hfOceEol3ac/7tKwzuvEyWx3/4UegXh5oBOIotkGsObyk3xznnSRVADBgWSQVg==",
      "funding": [
        {
          "type": "individual",
          "url": "https://github.com/sponsors/RubenVerborgh"
        }
      ],
      "engines": {
        "node": ">=4.0"
      },
      "peerDependenciesMeta": {
        "debug": {
          "optional": true
        }
      }
    },
    "node_modules/iterare": {
      "version": "1.2.1",
      "resolved": "https://registry.npmjs.org/iterare/-/iterare-1.2.1.tgz",
      "integrity": "sha512-RKYVTCjAnRthyJes037NX/IiqeidgN1xc3j1RjFfECFp28A1GVwK9nA+i0rJPaHqSZwygLzRnFlzUuHFoWWy+Q==",
      "peer": true,
      "engines": {
        "node": ">=6"
      }
    },
    "node_modules/libphonenumber-js": {
      "version": "1.9.17",
      "resolved": "https://registry.npmjs.org/libphonenumber-js/-/libphonenumber-js-1.9.17.tgz",
      "integrity": "sha512-ElJki901OynMg1l+evooPH1VyHrECuLqpgc12z2BkK25dFU5lUKTuMHEYV2jXxvtns/PIuJax56cBeoSK7ANow=="
    },
    "node_modules/lodash.get": {
      "version": "4.4.2",
      "resolved": "https://registry.npmjs.org/lodash.get/-/lodash.get-4.4.2.tgz",
      "integrity": "sha1-LRd/ZS+jHpObRDjVNBSZ36OCXpk="
    },
    "node_modules/lodash.has": {
      "version": "4.5.2",
      "resolved": "https://registry.npmjs.org/lodash.has/-/lodash.has-4.5.2.tgz",
      "integrity": "sha1-0Z9NwQlQWMzL4rDN9O4P5Ko3yGI="
    },
    "node_modules/lodash.set": {
      "version": "4.3.2",
      "resolved": "https://registry.npmjs.org/lodash.set/-/lodash.set-4.3.2.tgz",
      "integrity": "sha1-2HV7HagH3eJIFrDWqEvqGnYjCyM="
    },
    "node_modules/reflect-metadata": {
      "version": "0.1.13",
      "resolved": "https://registry.npmjs.org/reflect-metadata/-/reflect-metadata-0.1.13.tgz",
      "integrity": "sha512-Ts1Y/anZELhSsjMcU605fU9RE4Oi3p5ORujwbIKXfWa+0Zxs510Qrmrce5/Jowq3cHSZSJqBjypxmHarc+vEWg==",
      "peer": true
    },
    "node_modules/rxjs": {
      "version": "6.6.7",
      "resolved": "https://registry.npmjs.org/rxjs/-/rxjs-6.6.7.tgz",
      "integrity": "sha512-hTdwr+7yYNIT5n4AMYp85KA6yw2Va0FLa3Rguvbpa4W3I5xynaBZo41cM3XM+4Q6fRMj3sBYIR1VAmZMXYJvRQ==",
      "peer": true,
      "dependencies": {
        "tslib": "^1.9.0"
      },
      "engines": {
        "npm": ">=2.0.0"
      }
    },
    "node_modules/rxjs/node_modules/tslib": {
      "version": "1.14.1",
      "resolved": "https://registry.npmjs.org/tslib/-/tslib-1.14.1.tgz",
      "integrity": "sha512-Xni35NKzjgMrwevysHTCArtLDpPvye8zV/0E4EyYn43P7/7qvQwPh9BGkHewbMulVntbigmcT7rdX3BNo9wRJg==",
      "peer": true
    },
    "node_modules/tslib": {
      "version": "2.2.0",
      "resolved": "https://registry.npmjs.org/tslib/-/tslib-2.2.0.tgz",
      "integrity": "sha512-gS9GVHRU+RGn5KQM2rllAlR3dU6m7AcpJKdtH8gFvQiC4Otgk98XnmMU+nZenHt/+VhnBPWwgrJsyrdcw6i23w==",
      "peer": true
    },
    "node_modules/uuid": {
      "version": "8.3.2",
      "resolved": "https://registry.npmjs.org/uuid/-/uuid-8.3.2.tgz",
      "integrity": "sha512-+NYs2QeMWy+GWFOEm9xnn6HCDp0l7QBD7ml8zLUmJ+93Q5NF0NocErnwkTkXVFNiX3/fpC6afS8Dhb/gz7R7eg==",
      "bin": {
        "uuid": "dist/bin/uuid"
      }
    },
    "node_modules/validator": {
      "version": "13.6.0",
      "resolved": "https://registry.npmjs.org/validator/-/validator-13.6.0.tgz",
      "integrity": "sha512-gVgKbdbHgtxpRyR8K0O6oFZPhhB5tT1jeEHZR0Znr9Svg03U0+r9DXWMrnRAB+HtCStDQKlaIZm42tVsVjqtjg==",
      "engines": {
        "node": ">= 0.10"
      }
    }
  },
  "dependencies": {
    "@nestjs/common": {
      "version": "7.6.17",
      "resolved": "https://registry.npmjs.org/@nestjs/common/-/common-7.6.17.tgz",
      "integrity": "sha512-RHvD32FxfV7yDWX9GPmn0ZSv7ka5kLeVamU5ZpoXSTUjkGqWFt3MTyIP+HUQD2778kDqT+CgEtVJ1fxDG5Oh9g==",
      "peer": true,
      "requires": {
        "axios": "0.21.1",
        "iterare": "1.2.1",
        "tslib": "2.2.0",
        "uuid": "8.3.2"
      }
    },
    "@nestjs/config": {
      "version": "0.6.3",
      "resolved": "https://registry.npmjs.org/@nestjs/config/-/config-0.6.3.tgz",
      "integrity": "sha512-JxvvUpmH0/WOrTB+zh8dEkxSUQXhB7V3d/qeQXyCnMiEFjaq89+fNFztpWjz4DlOfdS4/eYTzIEy9PH2uGnfzA==",
      "requires": {
        "dotenv": "8.2.0",
        "dotenv-expand": "5.1.0",
        "lodash.get": "4.4.2",
        "lodash.has": "4.5.2",
        "lodash.set": "4.3.2",
        "uuid": "8.3.2"
      }
    },
    "@types/axios": {
      "version": "0.14.0",
      "resolved": "https://registry.npmjs.org/@types/axios/-/axios-0.14.0.tgz",
      "integrity": "sha1-7CMA++fX3d1+udOr+HmZlkyvzkY=",
      "requires": {
        "axios": "*"
      }
    },
    "@types/validator": {
      "version": "13.1.3",
      "resolved": "https://registry.npmjs.org/@types/validator/-/validator-13.1.3.tgz",
      "integrity": "sha512-DaOWN1zf7j+8nHhqXhIgNmS+ltAC53NXqGxYuBhWqWgqolRhddKzfZU814lkHQSTG0IUfQxU7Cg0gb8fFWo2mA=="
    },
    "axios": {
      "version": "0.21.1",
      "resolved": "https://registry.npmjs.org/axios/-/axios-0.21.1.tgz",
      "integrity": "sha512-dKQiRHxGD9PPRIUNIWvZhPTPpl1rf/OxTYKsqKUDjBwYylTvV7SjSHJb9ratfyzM6wCdLCOYLzs73qpg5c4iGA==",
      "requires": {
        "follow-redirects": "^1.10.0"
      }
    },
    "class-transformer": {
      "version": "0.4.0",
      "resolved": "https://registry.npmjs.org/class-transformer/-/class-transformer-0.4.0.tgz",
      "integrity": "sha512-ETWD/H2TbWbKEi7m9N4Km5+cw1hNcqJSxlSYhsLsNjQzWWiZIYA1zafxpK9PwVfaZ6AqR5rrjPVUBGESm5tQUA=="
    },
    "class-validator": {
      "version": "0.13.1",
      "resolved": "https://registry.npmjs.org/class-validator/-/class-validator-0.13.1.tgz",
      "integrity": "sha512-zWIeYFhUitvAHBwNhDdCRK09hWx+P0HUwFE8US8/CxFpMVzkUK8RJl7yOIE+BVu2lxyPNgeOaFv78tLE47jBIg==",
      "requires": {
        "@types/validator": "^13.1.3",
        "libphonenumber-js": "^1.9.7",
        "validator": "^13.5.2"
      }
    },
    "dotenv": {
      "version": "8.2.0",
      "resolved": "https://registry.npmjs.org/dotenv/-/dotenv-8.2.0.tgz",
      "integrity": "sha512-8sJ78ElpbDJBHNeBzUbUVLsqKdccaa/BXF1uPTw3GrvQTBgrQrtObr2mUrE38vzYd8cEv+m/JBfDLioYcfXoaw=="
    },
    "dotenv-expand": {
      "version": "5.1.0",
      "resolved": "https://registry.npmjs.org/dotenv-expand/-/dotenv-expand-5.1.0.tgz",
      "integrity": "sha512-YXQl1DSa4/PQyRfgrv6aoNjhasp/p4qs9FjJ4q4cQk+8m4r6k4ZSiEyytKG8f8W9gi8WsQtIObNmKd+tMzNTmA=="
    },
    "follow-redirects": {
      "version": "1.14.1",
      "resolved": "https://registry.npmjs.org/follow-redirects/-/follow-redirects-1.14.1.tgz",
      "integrity": "sha512-HWqDgT7ZEkqRzBvc2s64vSZ/hfOceEol3ac/7tKwzuvEyWx3/4UegXh5oBOIotkGsObyk3xznnSRVADBgWSQVg=="
    },
    "iterare": {
      "version": "1.2.1",
      "resolved": "https://registry.npmjs.org/iterare/-/iterare-1.2.1.tgz",
      "integrity": "sha512-RKYVTCjAnRthyJes037NX/IiqeidgN1xc3j1RjFfECFp28A1GVwK9nA+i0rJPaHqSZwygLzRnFlzUuHFoWWy+Q==",
      "peer": true
    },
    "libphonenumber-js": {
      "version": "1.9.17",
      "resolved": "https://registry.npmjs.org/libphonenumber-js/-/libphonenumber-js-1.9.17.tgz",
      "integrity": "sha512-ElJki901OynMg1l+evooPH1VyHrECuLqpgc12z2BkK25dFU5lUKTuMHEYV2jXxvtns/PIuJax56cBeoSK7ANow=="
    },
    "lodash.get": {
      "version": "4.4.2",
      "resolved": "https://registry.npmjs.org/lodash.get/-/lodash.get-4.4.2.tgz",
      "integrity": "sha1-LRd/ZS+jHpObRDjVNBSZ36OCXpk="
    },
    "lodash.has": {
      "version": "4.5.2",
      "resolved": "https://registry.npmjs.org/lodash.has/-/lodash.has-4.5.2.tgz",
      "integrity": "sha1-0Z9NwQlQWMzL4rDN9O4P5Ko3yGI="
    },
    "lodash.set": {
      "version": "4.3.2",
      "resolved": "https://registry.npmjs.org/lodash.set/-/lodash.set-4.3.2.tgz",
      "integrity": "sha1-2HV7HagH3eJIFrDWqEvqGnYjCyM="
    },
    "reflect-metadata": {
      "version": "0.1.13",
      "resolved": "https://registry.npmjs.org/reflect-metadata/-/reflect-metadata-0.1.13.tgz",
      "integrity": "sha512-Ts1Y/anZELhSsjMcU605fU9RE4Oi3p5ORujwbIKXfWa+0Zxs510Qrmrce5/Jowq3cHSZSJqBjypxmHarc+vEWg==",
      "peer": true
    },
    "rxjs": {
      "version": "6.6.7",
      "resolved": "https://registry.npmjs.org/rxjs/-/rxjs-6.6.7.tgz",
      "integrity": "sha512-hTdwr+7yYNIT5n4AMYp85KA6yw2Va0FLa3Rguvbpa4W3I5xynaBZo41cM3XM+4Q6fRMj3sBYIR1VAmZMXYJvRQ==",
      "peer": true,
      "requires": {
        "tslib": "^1.9.0"
      },
      "dependencies": {
        "tslib": {
          "version": "1.14.1",
          "resolved": "https://registry.npmjs.org/tslib/-/tslib-1.14.1.tgz",
          "integrity": "sha512-Xni35NKzjgMrwevysHTCArtLDpPvye8zV/0E4EyYn43P7/7qvQwPh9BGkHewbMulVntbigmcT7rdX3BNo9wRJg==",
          "peer": true
        }
      }
    },
    "tslib": {
      "version": "2.2.0",
      "resolved": "https://registry.npmjs.org/tslib/-/tslib-2.2.0.tgz",
      "integrity": "sha512-gS9GVHRU+RGn5KQM2rllAlR3dU6m7AcpJKdtH8gFvQiC4Otgk98XnmMU+nZenHt/+VhnBPWwgrJsyrdcw6i23w==",
      "peer": true
    },
    "uuid": {
      "version": "8.3.2",
      "resolved": "https://registry.npmjs.org/uuid/-/uuid-8.3.2.tgz",
      "integrity": "sha512-+NYs2QeMWy+GWFOEm9xnn6HCDp0l7QBD7ml8zLUmJ+93Q5NF0NocErnwkTkXVFNiX3/fpC6afS8Dhb/gz7R7eg=="
    },
    "validator": {
      "version": "13.6.0",
      "resolved": "https://registry.npmjs.org/validator/-/validator-13.6.0.tgz",
      "integrity": "sha512-gVgKbdbHgtxpRyR8K0O6oFZPhhB5tT1jeEHZR0Znr9Svg03U0+r9DXWMrnRAB+HtCStDQKlaIZm42tVsVjqtjg=="
    }
  }
}
